
Microsoft Visual Studio Solution File, Format Version 12.00
# Visual Studio Version 16
VisualStudioVersion = 16.0.31019.35
MinimumVisualStudioVersion = 10.0.40219.1
Project("{FAE04EC0-301F-11D3-BF4B-00C04F79EFBC}") = "ChartSample.Android", "ChartSample\ChartSample.Android\ChartSample.Android.csproj", "{03B19532-C05A-47E6-A0FF-2DCCBC29A79F}"
EndProject
Project("{FAE04EC0-301F-11D3-BF4B-00C04F79EFBC}") = "ChartSample.iOS", "ChartSample\ChartSample.iOS\ChartSample.iOS.csproj", "{32CD97D4-4A42-47C6-8FB1-9C830FEC91E9}"
EndProject
Project("{FAE04EC0-301F-11D3-BF4B-00C04F79EFBC}") = "ChartSample", "ChartSample\ChartSample\ChartSample.csproj", "{C7CAD3D2-A8F2-4268-AC72-041FCA7C3391}"
EndProject
Global
	GlobalSection(SolutionConfigurationPlatforms) = preSolution
		Debug|Any CPU = Debug|Any CPU
		Debug|ARM = Debug|ARM
		Debug|iPhone = Debug|iPhone
		Debug|iPhoneSimulator = Debug|iPhoneSimulator
		Debug|x64 = Debug|x64
		Debug|x86 = Debug|x86
		Release|Any CPU = Release|Any CPU
		Release|ARM = Release|ARM
		Release|iPhone = Release|iPhone
		Release|iPhoneSimulator = Release|iPhoneSimulator
		Release|x64 = Release|x64
		Release|x86 = Release|x86
	EndGlobalSection
	GlobalSection(ProjectConfigurationPlatforms) = postSolution
		{03B19532-C05A-47E6-A0FF-2DCCBC29A79F}.Debug|Any CPU.ActiveCfg = Debug|Any CPU
		{03B19532-C05A-47E6-A0FF-2DCCBC29A79F}.Debug|Any CPU.Build.0 = Debug|Any CPU
		{03B19532-C05A-47E6-A0FF-2DCCBC29A79F}.Debug|Any CPU.Deploy.0 = Debug|Any CPU
		{03B19532-C05A-47E6-A0FF-2DCCBC29A79F}.Debug|ARM.ActiveCfg = Debug|Any CPU
		{03B19532-C05A-47E6-A0FF-2DCCBC29A79F}.Debug|ARM.Build.0 = Debug|Any CPU
		{03B19532-C05A-47E6-A0FF-2DCCBC29A79F}.Debug|ARM.Deploy.0 = Debug|Any CPU
		{03B19532-C05A-47E6-A0FF-2DCCBC29A79F}.Debug|iPhone.ActiveCfg = Debug|Any CPU
		{03B19532-C05A-47E6-A0FF-2DCCBC29A79F}.Debug|iPhone.Build.0 = Debug|Any CPU
		{03B19532-C05A-47E6-A0FF-2DCCBC29A79F}.Debug|iPhone.Deploy.0 = Debug|Any CPU
		{03B19532-C05A-47E6-A0FF-2DCCBC29A79F}.Debug|iPhoneSimulator.ActiveCfg = Debug|Any CPU
		{03B19532-C05A-47E6-A0FF-2DCCBC29A79F}.Debug|iPhoneSimulator.Build.0 = Debug|Any CPU
		{03B19532-C05A-47E6-A0FF-2DCCBC29A79F}.Debug|iPhoneSimulator.Deploy.0 = Debug|Any CPU
		{03B19532-C05A-47E6-A0FF-2DCCBC29A79F}.Debug|x64.ActiveCfg = Debug|Any CPU
		{03B19532-C05A-47E6-A0FF-2DCCBC29A79F}.Debug|x64.Build.0 = Debug|Any CPU
		{03B19532-C05A-47E6-A0FF-2DCCBC29A79F}.Debug|x64.Deploy.0 = Debug|Any CPU
		{03B19532-C05A-47E6-A0FF-2DCCBC29A79F}.Debug|x86.ActiveCfg = Debug|Any CPU
		{03B19532-C05A-47E6-A0FF-2DCCBC29A79F}.Debug|x86.Build.0 = Debug|Any CPU
		{03B19532-C05A-47E6-A0FF-2DCCBC29A79F}.Debug|x86.Deploy.0 = Debug|Any CPU
		{03B19532-C05A-47E6-A0FF-2DCCBC29A79F}.Release|Any CPU.ActiveCfg = Release|Any CPU
		{03B19532-C05A-47E6-A0FF-2DCCBC29A79F}.Release|Any CPU.Build.0 = Release|Any CPU
		{03B19532-C05A-47E6-A0FF-2DCCBC29A79F}.Release|Any CPU.Deploy.0 = Release|Any CPU
		{03B19532-C05A-47E6-A0FF-2DCCBC29A79F}.Release|ARM.ActiveCfg = Release|Any CPU
		{03B19532-C05A-47E6-A0FF-2DCCBC29A79F}.Release|ARM.Build.0 = Release|Any CPU
		{03B19532-C05A-47E6-A0FF-2DCCBC29A79F}.Release|ARM.Deploy.0 = Release|Any CPU
		{03B19532-C05A-47E6-A0FF-2DCCBC29A79F}.Release|iPhone.ActiveCfg = Release|Any CPU
		{03B19532-C05A-47E6-A0FF-2DCCBC29A79F}.Release|iPhone.Build.0 = Release|Any CPU
		{03B19532-C05A-47E6-A0FF-2DCCBC29A79F}.Release|iPhone.Deploy.0 = Release|Any CPU
		{03B19532-C05A-47E6-A0FF-2DCCBC29A79F}.Release|iPhoneSimulator.ActiveCfg = Release|Any CPU
		{03B19532-C05A-47E6-A0FF-2DCCBC29A79F}.Release|iPhoneSimulator.Build.0 = Release|Any CPU
		{03B19532-C05A-47E6-A0FF-2DCCBC29A79F}.Release|iPhoneSimulator.Deploy.0 = Release|Any CPU
		{03B19532-C05A-47E6-A0FF-2DCCBC29A79F}.Release|x64.ActiveCfg = Release|Any CPU
		{03B19532-C05A-47E6-A0FF-2DCCBC29A79F}.Release|x64.Build.0 = Release|Any CPU
		{03B19532-C05A-47E6-A0FF-2DCCBC29A79F}.Release|x64.Deploy.0 = Release|Any CPU
		{03B19532-C05A-47E6-A0FF-2DCCBC29A79F}.Release|x86.ActiveCfg = Release|Any CPU
		{03B19532-C05A-47E6-A0FF-2DCCBC29A79F}.Release|x86.Build.0 = Release|Any CPU
		{03B19532-C05A-47E6-A0FF-2DCCBC29A79F}.Release|x86.Deploy.0 = Release|Any CPU
		{32CD97D4-4A42-47C6-8FB1-9C830FEC91E9}.Debug|Any CPU.ActiveCfg = Debug|iPhoneSimulator
		{32CD97D4-4A42-47C6-8FB1-9C830FEC91E9}.Debug|Any CPU.Build.0 = Debug|iPhoneSimulator
		{32CD97D4-4A42-47C6-8FB1-9C830FEC91E9}.Debug|Any CPU.Deploy.0 = Debug|iPhoneSimulator
		{32CD97D4-4A42-47C6-8FB1-9C830FEC91E9}.Debug|ARM.ActiveCfg = Debug|iPhone
		{32CD97D4-4A42-47C6-8FB1-9C830FEC91E9}.Debug|ARM.Build.0 = Debug|iPhone
		{32CD97D4-4A42-47C6-8FB1-9C830FEC91E9}.Debug|ARM.Deploy.0 = Debug|iPhone
		{32CD97D4-4A42-47C6-8FB1-9C830FEC91E9}.Debug|iPhone.ActiveCfg = Debug|iPhone
		{32CD97D4-4A42-47C6-8FB1-9C830FEC91E9}.Debug|iPhone.Build.0 = Debug|iPhone
		{32CD97D4-4A42-47C6-8FB1-9C830FEC91E9}.Debug|iPhone.Deploy.0 = Debug|iPhone
		{32CD97D4-4A42-47C6-8FB1-9C830FEC91E9}.Debug|iPhoneSimulator.ActiveCfg = Debug|iPhoneSimulator
		{32CD97D4-4A42-47C6-8FB1-9C830FEC91E9}.Debug|iPhoneSimulator.Build.0 = Debug|iPhoneSimulator
		{32CD97D4-4A42-47C6-8FB1-9C830FEC91E9}.Debug|iPhoneSimulator.Deploy.0 = Debug|iPhoneSimulator
		{32CD97D4-4A42-47C6-8FB1-9C830FEC91E9}.Debug|x64.ActiveCfg = Debug|iPhoneSimulator
		{32CD97D4-4A42-47C6-8FB1-9C830FEC91E9}.Debug|x64.Build.0 = Debug|iPhoneSimulator
		{32CD97D4-4A42-47C6-8FB1-9C830FEC91E9}.Debug|x64.Deploy.0 = Debug|iPhoneSimulator
		{32CD97D4-4A42-47C6-8FB1-9C830FEC91E9}.Debug|x86.ActiveCfg = Debug|iPhoneSimulator
		{32CD97D4-4A42-47C6-8FB1-9C830FEC91E9}.Debug|x86.Build.0 = Debug|iPhoneSimulator
		{32CD97D4-4A42-47C6-8FB1-9C830FEC91E9}.Debug|x86.Deploy.0 = Debug|iPhoneSimulator
		{32CD97D4-4A42-47C6-8FB1-9C830FEC91E9}.Release|Any CPU.ActiveCfg = Release|iPhoneSimulator
		{32CD97D4-4A42-47C6-8FB1-9C830FEC91E9}.Release|Any CPU.Build.0 = Release|iPhoneSimulator
		{32CD97D4-4A42-47C6-8FB1-9C830FEC91E9}.Release|Any CPU.Deploy.0 = Release|iPhoneSimulator
		{32CD97D4-4A42-47C6-8FB1-9C830FEC91E9}.Release|ARM.ActiveCfg = Release|iPhoneSimulator
		{32CD97D4-4A42-47C6-8FB1-9C830FEC91E9}.Release|ARM.Build.0 = Release|iPhoneSimulator
		{32CD97D4-4A42-47C6-8FB1-9C830FEC91E9}.Release|ARM.Deploy.0 = Release|iPhoneSimulator
		{32CD97D4-4A42-47C6-8FB1-9C830FEC91E9}.Release|iPhone.ActiveCfg = Release|iPhone
		{32CD97D4-4A42-47C6-8FB1-9C830FEC91E9}.Release|iPhone.Build.0 = Release|iPhone
		{32CD97D4-4A42-47C6-8FB1-9C830FEC91E9}.Release|iPhone.Deploy.0 = Release|iPhone
		{32CD97D4-4A42-47C6-8FB1-9C830FEC91E9}.Release|iPhoneSimulator.ActiveCfg = Release|iPhoneSimulator
		{32CD97D4-4A42-47C6-8FB1-9C830FEC91E9}.Release|iPhoneSimulator.Build.0 = Release|iPhoneSimulator
		{32CD97D4-4A42-47C6-8FB1-9C830FEC91E9}.Release|iPhoneSimulator.Deploy.0 = Release|iPhoneSimulator
		{32CD97D4-4A42-47C6-8FB1-9C830FEC91E9}.Release|x64.ActiveCfg = Release|iPhoneSimulator
		{32CD97D4-4A42-47C6-8FB1-9C830FEC91E9}.Release|x64.Build.0 = Release|iPhoneSimulator
		{32CD97D4-4A42-47C6-8FB1-9C830FEC91E9}.Release|x64.Deploy.0 = Release|iPhoneSimulator
		{32CD97D4-4A42-47C6-8FB1-9C830FEC91E9}.Release|x86.ActiveCfg = Release|iPhoneSimulator
		{32CD97D4-4A42-47C6-8FB1-9C830FEC91E9}.Release|x86.Build.0 = Release|iPhoneSimulator
		{32CD97D4-4A42-47C6-8FB1-9C830FEC91E9}.Release|x86.Deploy.0 = Release|iPhoneSimulator
		{C7CAD3D2-A8F2-4268-AC72-041FCA7C3391}.Debug|Any CPU.ActiveCfg = Debug|Any CPU
		{C7CAD3D2-A8F2-4268-AC72-041FCA7C3391}.Debug|Any CPU.Build.0 = Debug|Any CPU
		{C7CAD3D2-A8F2-4268-AC72-041FCA7C3391}.Debug|Any CPU.Deploy.0 = Debug|Any CPU
		{C7CAD3D2-A8F2-4268-AC72-041FCA7C3391}.Debug|ARM.ActiveCfg = Debug|Any CPU
		{C7CAD3D2-A8F2-4268-AC72-041FCA7C3391}.Debug|ARM.Build.0 = Debug|Any CPU
		{C7CAD3D2-A8F2-4268-AC72-041FCA7C3391}.Debug|ARM.Deploy.0 = Debug|Any CPU
		{C7CAD3D2-A8F2-4268-AC72-041FCA7C3391}.Debug|iPhone.ActiveCfg = Debug|Any CPU
		{C7CAD3D2-A8F2-4268-AC72-041FCA7C3391}.Debug|iPhone.Build.0 = Debug|Any CPU
		{C7CAD3D2-A8F2-4268-AC72-041FCA7C3391}.Debug|iPhone.Deploy.0 = Debug|Any CPU
		{C7CAD3D2-A8F2-4268-AC72-041FCA7C3391}.Debug|iPhoneSimulator.ActiveCfg = Debug|Any CPU
		{C7CAD3D2-A8F2-4268-AC72-041FCA7C3391}.Debug|iPhoneSimulator.Build.0 = Debug|Any CPU
		{C7CAD3D2-A8F2-4268-AC72-041FCA7C3391}.Debug|iPhoneSimulator.Deploy.0 = Debug|Any CPU
		{C7CAD3D2-A8F2-4268-AC72-041FCA7C3391}.Debug|x64.ActiveCfg = Debug|Any CPU
		{C7CAD3D2-A8F2-4268-AC72-041FCA7C3391}.Debug|x64.Build.0 = Debug|Any CPU
		{C7CAD3D2-A8F2-4268-AC72-041FCA7C3391}.Debug|x64.Deploy.0 = Debug|Any CPU
		{C7CAD3D2-A8F2-4268-AC72-041FCA7C3391}.Debug|x86.ActiveCfg = Debug|Any CPU
		{C7CAD3D2-A8F2-4268-AC72-041FCA7C3391}.Debug|x86.Build.0 = Debug|Any CPU
		{C7CAD3D2-A8F2-4268-AC72-041FCA7C3391}.Debug|x86.Deploy.0 = Debug|Any CPU
		{C7CAD3D2-A8F2-4268-AC72-041FCA7C3391}.Release|Any CPU.ActiveCfg = Release|Any CPU
		{C7CAD3D2-A8F2-4268-AC72-041FCA7C3391}.Release|Any CPU.Build.0 = Release|Any CPU
		{C7CAD3D2-A8F2-4268-AC72-041FCA7C3391}.Release|Any CPU.Deploy.0 = Release|Any CPU
		{C7CAD3D2-A8F2-4268-AC72-041FCA7C3391}.Release|ARM.ActiveCfg = Release|Any CPU
		{C7CAD3D2-A8F2-4268-AC72-041FCA7C3391}.Release|ARM.Build.0 = Release|Any CPU
		{C7CAD3D2-A8F2-4268-AC72-041FCA7C3391}.Release|ARM.Deploy.0 = Release|Any CPU
		{C7CAD3D2-A8F2-4268-AC72-041FCA7C3391}.Release|iPhone.ActiveCfg = Release|Any CPU
		{C7CAD3D2-A8F2-4268-AC72-041FCA7C3391}.Release|iPhone.Build.0 = Release|Any CPU
		{C7CAD3D2-A8F2-4268-AC72-041FCA7C3391}.Release|iPhone.Deploy.0 = Release|Any CPU
		{C7CAD3D2-A8F2-4268-AC72-041FCA7C3391}.Release|iPhoneSimulator.ActiveCfg = Release|Any CPU
		{C7CAD3D2-A8F2-4268-AC72-041FCA7C3391}.Release|iPhoneSimulator.Build.0 = Release|Any CPU
		{C7CAD3D2-A8F2-4268-AC72-041FCA7C3391}.Release|iPhoneSimulator.Deploy.0 = Release|Any CPU
		{C7CAD3D2-A8F2-4268-AC72-041FCA7C3391}.Release|x64.ActiveCfg = Release|Any CPU
		{C7CAD3D2-A8F2-4268-AC72-041FCA7C3391}.Release|x64.Build.0 = Release|Any CPU
		{C7CAD3D2-A8F2-4268-AC72-041FCA7C3391}.Release|x64.Deploy.0 = Release|Any CPU
		{C7CAD3D2-A8F2-4268-AC72-041FCA7C3391}.Release|x86.ActiveCfg = Release|Any CPU
		{C7CAD3D2-A8F2-4268-AC72-041FCA7C3391}.Release|x86.Build.0 = Release|Any CPU
		{C7CAD3D2-A8F2-4268-AC72-041FCA7C3391}.Release|x86.Deploy.0 = Release|Any CPU
	EndGlobalSection
	GlobalSection(SolutionProperties) = preSolution
		HideSolutionNode = FALSE
	EndGlobalSection
	GlobalSection(ExtensibilityGlobals) = postSolution
		SolutionGuid = {2F0FB7B0-5072-40B5-80E1-F1D89775146C}
	EndGlobalSection
EndGlobal
